
Microsoft Visual Studio Solution File, Format Version 12.00
# Visual Studio Version 16
VisualStudioVersion = 16.0.31105.61
MinimumVisualStudioVersion = 10.0.40219.1
Project("{9A19103F-16F7-4668-BE54-9A1E7A4F7556}") = "Business", "FirstUnitTest\Business.csproj", "{2D2AA2F9-92C8-4C95-9149-BA02769B7189}"
EndProject
Project("{9A19103F-16F7-4668-BE54-9A1E7A4F7556}") = "Business.Tests", "Business.Tests\Business.Tests.csproj", "{822BC84D-5E3F-4F77-AD0E-6D915DBF0870}"
EndProject
Project("{9A19103F-16F7-4668-BE54-9A1E7A4F7556}") = "TDD-UnitTest", "TDD-UnitTest\TDD-UnitTest.csproj", "{4360EE40-7695-4AEF-9687-9FC0A68696D0}"
EndProject
Project("{FAE04EC0-301F-11D3-BF4B-00C04F79EFBC}") = "TicTacToeGame", "TicTacToeGame\TicTacToeGame.csproj", "{99E5F022-4457-460F-9D29-74AB66DBDC30}"
EndProject
Global
	GlobalSection(SolutionConfigurationPlatforms) = preSolution
		Debug|Any CPU = Debug|Any CPU
		Release|Any CPU = Release|Any CPU
	EndGlobalSection
	GlobalSection(ProjectConfigurationPlatforms) = postSolution
		{2D2AA2F9-92C8-4C95-9149-BA02769B7189}.Debug|Any CPU.ActiveCfg = Debug|Any CPU
		{2D2AA2F9-92C8-4C95-9149-BA02769B7189}.Debug|Any CPU.Build.0 = Debug|Any CPU
		{2D2AA2F9-92C8-4C95-9149-BA02769B7189}.Release|Any CPU.ActiveCfg = Release|Any CPU
		{2D2AA2F9-92C8-4C95-9149-BA02769B7189}.Release|Any CPU.Build.0 = Release|Any CPU
		{822BC84D-5E3F-4F77-AD0E-6D915DBF0870}.Debug|Any CPU.ActiveCfg = Debug|Any CPU
		{822BC84D-5E3F-4F77-AD0E-6D915DBF0870}.Debug|Any CPU.Build.0 = Debug|Any CPU
		{822BC84D-5E3F-4F77-AD0E-6D915DBF0870}.Release|Any CPU.ActiveCfg = Release|Any CPU
		{822BC84D-5E3F-4F77-AD0E-6D915DBF0870}.Release|Any CPU.Build.0 = Release|Any CPU
		{4360EE40-7695-4AEF-9687-9FC0A68696D0}.Debug|Any CPU.ActiveCfg = Debug|Any CPU
		{4360EE40-7695-4AEF-9687-9FC0A68696D0}.Debug|Any CPU.Build.0 = Debug|Any CPU
		{4360EE40-7695-4AEF-9687-9FC0A68696D0}.Release|Any CPU.ActiveCfg = Release|Any CPU
		{4360EE40-7695-4AEF-9687-9FC0A68696D0}.Release|Any CPU.Build.0 = Release|Any CPU
		{99E5F022-4457-460F-9D29-74AB66DBDC30}.Debug|Any CPU.ActiveCfg = Debug|Any CPU
		{99E5F022-4457-460F-9D29-74AB66DBDC30}.Debug|Any CPU.Build.0 = Debug|Any CPU
		{99E5F022-4457-460F-9D29-74AB66DBDC30}.Release|Any CPU.ActiveCfg = Release|Any CPU
		{99E5F022-4457-460F-9D29-74AB66DBDC30}.Release|Any CPU.Build.0 = Release|Any CPU
	EndGlobalSection
	GlobalSection(SolutionProperties) = preSolution
		HideSolutionNode = FALSE
	EndGlobalSection
	GlobalSection(ExtensibilityGlobals) = postSolution
		SolutionGuid = {9799351E-48AB-42E4-A8A5-B6B68BA28858}
	EndGlobalSection
EndGlobal
